# THIS IS AN AUTOGENERATED FILE. DO NOT EDIT THIS FILE DIRECTLY.
# yarn lockfile v1


abort-controller@^3.0.0:
  version "3.0.0"
  resolved "https://artifactory.wind-digital.com:443/artifactory/api/npm/npm-virtual/abort-controller/-/abort-controller-3.0.0.tgz#eaf54d53b62bae4138e809ca225c8439a6efb392"
  dependencies:
    event-target-shim "^5.0.0"

buffer-alloc-unsafe@^1.1.0:
  version "1.1.0"
  resolved "https://artifactory.wind-digital.com:443/artifactory/api/npm/npm-virtual/buffer-alloc-unsafe/-/buffer-alloc-unsafe-1.1.0.tgz#bd7dc26ae2972d0eda253be061dba992349c19f0"

buffer-alloc@^1.2.0:
  version "1.2.0"
  resolved "https://artifactory.wind-digital.com:443/artifactory/api/npm/npm-virtual/buffer-alloc/-/buffer-alloc-1.2.0.tgz#890dd90d923a873e08e10e5fd51a57e5b7cce0ec"
  dependencies:
    buffer-alloc-unsafe "^1.1.0"
    buffer-fill "^1.0.0"

buffer-fill@^1.0.0:
  version "1.0.0"
  resolved "https://artifactory.wind-digital.com:443/artifactory/api/npm/npm-virtual/buffer-fill/-/buffer-fill-1.0.0.tgz#f8f78b76789888ef39f205cd637f68e702122b2c"

debug@^4.3.3:
  version "4.3.3"
  resolved "https://artifactory.wind-digital.com:443/artifactory/api/npm/npm-virtual/debug/-/debug-4.3.3.tgz#04266e0b70a98d4462e6e288e38259213332b664"
  dependencies:
    ms "2.1.2"

dotenv@^16.0.0:
  version "16.0.0"
  resolved "https://artifactory.wind-digital.com:443/artifactory/api/npm/npm-virtual/dotenv/-/dotenv-16.0.0.tgz#c619001253be89ebb638d027b609c75c26e47411"

event-target-shim@^5.0.0:
  version "5.0.1"
  resolved "https://artifactory.wind-digital.com:443/artifactory/api/npm/npm-virtual/event-target-shim/-/event-target-shim-5.0.1.tgz#5d4d3ebdf9583d63a5333ce2deb7480ab2b05789"

minimist@^1.2.5:
  version "1.2.5"
  resolved "https://artifactory.wind-digital.com:443/artifactory/api/npm/npm-virtual/minimist/-/minimist-1.2.5.tgz#67d66014b66a6a8aaa0c083c5fd58df4e4e97602"

module-alias@^2.2.2:
  version "2.2.2"
  resolved "https://artifactory.wind-digital.com:443/artifactory/api/npm/npm-virtual/module-alias/-/module-alias-2.2.2.tgz#151cdcecc24e25739ff0aa6e51e1c5716974c0e0"

ms@2.1.2:
  version "2.1.2"
  resolved "https://artifactory.wind-digital.com:443/artifactory/api/npm/npm-virtual/ms/-/ms-2.1.2.tgz#d09d1f357b443f493382a8eb3ccd183872ae6009"

node-fetch@^2.6.7:
  version "2.6.7"
  resolved "https://artifactory.wind-digital.com:443/artifactory/api/npm/npm-virtual/node-fetch/-/node-fetch-2.6.7.tgz#24de9fba827e3b4ae44dc8b20256a379160052ad"
  dependencies:
    whatwg-url "^5.0.0"

p-timeout@^4.1.0:
  version "4.1.0"
  resolved "https://artifactory.wind-digital.com:443/artifactory/api/npm/npm-virtual/p-timeout/-/p-timeout-4.1.0.tgz#788253c0452ab0ffecf18a62dff94ff1bd09ca0a"

safe-compare@^1.1.4:
  version "1.1.4"
  resolved "https://artifactory.wind-digital.com:443/artifactory/api/npm/npm-virtual/safe-compare/-/safe-compare-1.1.4.tgz#5e0128538a82820e2e9250cd78e45da6786ba593"
  dependencies:
    buffer-alloc "^1.2.0"

sandwich-stream@^2.0.2:
  version "2.0.2"
  resolved "https://artifactory.wind-digital.com:443/artifactory/api/npm/npm-virtual/sandwich-stream/-/sandwich-stream-2.0.2.tgz#6d1feb6cf7e9fe9fadb41513459a72c2e84000fa"

telegraf@^4.7.0:
  version "4.7.0"
  resolved "https://artifactory.wind-digital.com:443/artifactory/api/npm/npm-virtual/telegraf/-/telegraf-4.7.0.tgz#6ee8a8f98900a67472f1ca935c0aba3e8fa49f05"
  dependencies:
    abort-controller "^3.0.0"
    debug "^4.3.3"
    minimist "^1.2.5"
    module-alias "^2.2.2"
    node-fetch "^2.6.7"
    p-timeout "^4.1.0"
    safe-compare "^1.1.4"
    sandwich-stream "^2.0.2"
    typegram "^3.8.0"

tr46@~0.0.3:
  version "0.0.3"
  resolved "https://artifactory.wind-digital.com:443/artifactory/api/npm/npm-virtual/tr46/-/tr46-0.0.3.tgz#8184fd347dac9cdc185992f3a6622e14b9d9ab6a"

typegram@^3.8.0:
  version "3.8.0"
  resolved "https://artifactory.wind-digital.com:443/artifactory/api/npm/npm-virtual/typegram/-/typegram-3.8.0.tgz#6f09e1f3d27bb4659dcf6e294603550584c7b39c"

webidl-conversions@^3.0.0:
  version "3.0.1"
  resolved "https://artifactory.wind-digital.com:443/artifactory/api/npm/npm-virtual/webidl-conversions/-/webidl-conversions-3.0.1.tgz#24534275e2a7bc6be7bc86611cc16ae0a5654871"

whatwg-url@^5.0.0:
  version "5.0.0"
  resolved "https://artifactory.wind-digital.com:443/artifactory/api/npm/npm-virtual/whatwg-url/-/whatwg-url-5.0.0.tgz#966454e8765462e37644d3626f6742ce8b70965d"
  dependencies:
    tr46 "~0.0.3"
    webidl-conversions "^3.0.0"
